
Microsoft Visual Studio Solution File, Format Version 12.00
# Visual Studio Version 17
VisualStudioVersion = 17.7.34018.315
MinimumVisualStudioVersion = 10.0.40219.1
Project("{FAE04EC0-301F-11D3-BF4B-00C04F79EFBC}") = "WMS.Api", "WMS.Api\WMS.Api.csproj", "{1F99C4C5-ADCD-4D3D-BF07-46BD11BFC294}"
EndProject
Global
	GlobalSection(SolutionConfigurationPlatforms) = preSolution
		Debug|Any CPU = Debug|Any CPU
		Release|Any CPU = Release|Any CPU
	EndGlobalSection
	GlobalSection(ProjectConfigurationPlatforms) = postSolution
		{1F99C4C5-ADCD-4D3D-BF07-46BD11BFC294}.Debug|Any CPU.ActiveCfg = Debug|Any CPU
		{1F99C4C5-ADCD-4D3D-BF07-46BD11BFC294}.Debug|Any CPU.Build.0 = Debug|Any CPU
		{1F99C4C5-ADCD-4D3D-BF07-46BD11BFC294}.Release|Any CPU.ActiveCfg = Release|Any CPU
		{1F99C4C5-ADCD-4D3D-BF07-46BD11BFC294}.Release|Any CPU.Build.0 = Release|Any CPU
	EndGlobalSection
	GlobalSection(SolutionProperties) = preSolution
		HideSolutionNode = FALSE
	EndGlobalSection
	GlobalSection(ExtensibilityGlobals) = postSolution
		SolutionGuid = {F7FDA244-58C8-4660-A48F-F21637F46286}
	EndGlobalSection
EndGlobal
