
Microsoft Visual Studio Solution File, Format Version 12.00
# Visual Studio Version 17
VisualStudioVersion = 17.7.34018.315
MinimumVisualStudioVersion = 10.0.40219.1
Project("{FAE04EC0-301F-11D3-BF4B-00C04F79EFBC}") = "WMS.Api", "WMS.Api\WMS.Api.csproj", "{1F99C4C5-ADCD-4D3D-BF07-46BD11BFC294}"
EndProject
Project("{2150E333-8FDC-42A3-9474-1A3956D46DE8}") = "src", "src", "{DA15A5C1-B9D6-4452-8367-7D33F186E736}"
EndProject
Project("{2150E333-8FDC-42A3-9474-1A3956D46DE8}") = "test", "test", "{B355F7A1-A7B1-4EF5-9E22-DE1EC6107267}"
EndProject
Project("{FAE04EC0-301F-11D3-BF4B-00C04F79EFBC}") = "WMS.Domain", "WMS.Domain\WMS.Domain.csproj", "{9CF56110-DDAF-4A39-9FB0-29623CF7FBA3}"
EndProject
Project("{FAE04EC0-301F-11D3-BF4B-00C04F79EFBC}") = "WMS.Application", "WMS.Application\WMS.Application.csproj", "{6133C971-5B77-41F1-9AD6-80D06AB49236}"
EndProject
Project("{FAE04EC0-301F-11D3-BF4B-00C04F79EFBC}") = "WMS.Infrastructure", "WMS.Infrastructure\WMS.Infrastructure.csproj", "{F239AC1F-FEF4-4579-AB58-F2A349CCDD89}"
EndProject
Project("{FAE04EC0-301F-11D3-BF4B-00C04F79EFBC}") = "WMS.Presentation", "WMS.Presentation\WMS.Presentation.csproj", "{E2A3B06A-AF43-434B-B977-427E0A7F67DD}"
EndProject
Global
	GlobalSection(SolutionConfigurationPlatforms) = preSolution
		Debug|Any CPU = Debug|Any CPU
		Release|Any CPU = Release|Any CPU
	EndGlobalSection
	GlobalSection(ProjectConfigurationPlatforms) = postSolution
		{1F99C4C5-ADCD-4D3D-BF07-46BD11BFC294}.Debug|Any CPU.ActiveCfg = Debug|Any CPU
		{1F99C4C5-ADCD-4D3D-BF07-46BD11BFC294}.Debug|Any CPU.Build.0 = Debug|Any CPU
		{1F99C4C5-ADCD-4D3D-BF07-46BD11BFC294}.Release|Any CPU.ActiveCfg = Release|Any CPU
		{1F99C4C5-ADCD-4D3D-BF07-46BD11BFC294}.Release|Any CPU.Build.0 = Release|Any CPU
		{9CF56110-DDAF-4A39-9FB0-29623CF7FBA3}.Debug|Any CPU.ActiveCfg = Debug|Any CPU
		{9CF56110-DDAF-4A39-9FB0-29623CF7FBA3}.Debug|Any CPU.Build.0 = Debug|Any CPU
		{9CF56110-DDAF-4A39-9FB0-29623CF7FBA3}.Release|Any CPU.ActiveCfg = Release|Any CPU
		{9CF56110-DDAF-4A39-9FB0-29623CF7FBA3}.Release|Any CPU.Build.0 = Release|Any CPU
		{6133C971-5B77-41F1-9AD6-80D06AB49236}.Debug|Any CPU.ActiveCfg = Debug|Any CPU
		{6133C971-5B77-41F1-9AD6-80D06AB49236}.Debug|Any CPU.Build.0 = Debug|Any CPU
		{6133C971-5B77-41F1-9AD6-80D06AB49236}.Release|Any CPU.ActiveCfg = Release|Any CPU
		{6133C971-5B77-41F1-9AD6-80D06AB49236}.Release|Any CPU.Build.0 = Release|Any CPU
		{F239AC1F-FEF4-4579-AB58-F2A349CCDD89}.Debug|Any CPU.ActiveCfg = Debug|Any CPU
		{F239AC1F-FEF4-4579-AB58-F2A349CCDD89}.Debug|Any CPU.Build.0 = Debug|Any CPU
		{F239AC1F-FEF4-4579-AB58-F2A349CCDD89}.Release|Any CPU.ActiveCfg = Release|Any CPU
		{F239AC1F-FEF4-4579-AB58-F2A349CCDD89}.Release|Any CPU.Build.0 = Release|Any CPU
		{E2A3B06A-AF43-434B-B977-427E0A7F67DD}.Debug|Any CPU.ActiveCfg = Debug|Any CPU
		{E2A3B06A-AF43-434B-B977-427E0A7F67DD}.Debug|Any CPU.Build.0 = Debug|Any CPU
		{E2A3B06A-AF43-434B-B977-427E0A7F67DD}.Release|Any CPU.ActiveCfg = Release|Any CPU
		{E2A3B06A-AF43-434B-B977-427E0A7F67DD}.Release|Any CPU.Build.0 = Release|Any CPU
	EndGlobalSection
	GlobalSection(SolutionProperties) = preSolution
		HideSolutionNode = FALSE
	EndGlobalSection
	GlobalSection(NestedProjects) = preSolution
		{1F99C4C5-ADCD-4D3D-BF07-46BD11BFC294} = {DA15A5C1-B9D6-4452-8367-7D33F186E736}
		{9CF56110-DDAF-4A39-9FB0-29623CF7FBA3} = {DA15A5C1-B9D6-4452-8367-7D33F186E736}
		{6133C971-5B77-41F1-9AD6-80D06AB49236} = {DA15A5C1-B9D6-4452-8367-7D33F186E736}
		{F239AC1F-FEF4-4579-AB58-F2A349CCDD89} = {DA15A5C1-B9D6-4452-8367-7D33F186E736}
		{E2A3B06A-AF43-434B-B977-427E0A7F67DD} = {DA15A5C1-B9D6-4452-8367-7D33F186E736}
	EndGlobalSection
	GlobalSection(ExtensibilityGlobals) = postSolution
		SolutionGuid = {F7FDA244-58C8-4660-A48F-F21637F46286}
	EndGlobalSection
EndGlobal
